// !$*UTF8*$!
{
	archiveVersion = 1;
	classes = {
	};
	objectVersion = 50;
	objects = {

/* Begin PBXBuildFile section */
		C2BA663E22D43341002E5656 /* AppDelegate.swift in Sources */ = {isa = PBXBuildFile; fileRef = C2BA663D22D43341002E5656 /* AppDelegate.swift */; };
		C2BA664022D43341002E5656 /* ViewController.swift in Sources */ = {isa = PBXBuildFile; fileRef = C2BA663F22D43341002E5656 /* ViewController.swift */; };
		C2BA664322D43341002E5656 /* Main.storyboard in Resources */ = {isa = PBXBuildFile; fileRef = C2BA664122D43341002E5656 /* Main.storyboard */; };
		C2BA664522D43345002E5656 /* Assets.xcassets in Resources */ = {isa = PBXBuildFile; fileRef = C2BA664422D43345002E5656 /* Assets.xcassets */; };
		C2BA664822D43345002E5656 /* LaunchScreen.storyboard in Resources */ = {isa = PBXBuildFile; fileRef = C2BA664622D43345002E5656 /* LaunchScreen.storyboard */; };
		C2BA665022D4342A002E5656 /* Brastlewark.swift in Sources */ = {isa = PBXBuildFile; fileRef = C2BA664F22D4342A002E5656 /* Brastlewark.swift */; };
		C2BA665422D44409002E5656 /* GnomeTableViewCell.swift in Sources */ = {isa = PBXBuildFile; fileRef = C2BA665222D44409002E5656 /* GnomeTableViewCell.swift */; };
		C2BA665522D44409002E5656 /* GnomeTableViewCell.xib in Resources */ = {isa = PBXBuildFile; fileRef = C2BA665322D44409002E5656 /* GnomeTableViewCell.xib */; };
		C2BA665A22D556EB002E5656 /* DetailViewController.swift in Sources */ = {isa = PBXBuildFile; fileRef = C2BA665922D556EB002E5656 /* DetailViewController.swift */; };
		C2BA667022D6A424002E5656 /* GnomeGenericCell.swift in Sources */ = {isa = PBXBuildFile; fileRef = C2BA666E22D6A424002E5656 /* GnomeGenericCell.swift */; };
		C2BA667122D6A424002E5656 /* GnomeGenericCell.xib in Resources */ = {isa = PBXBuildFile; fileRef = C2BA666F22D6A424002E5656 /* GnomeGenericCell.xib */; };
/* End PBXBuildFile section */

/* Begin PBXFileReference section */
		C2BA663A22D43341002E5656 /* KavakTest.app */ = {isa = PBXFileReference; explicitFileType = wrapper.application; includeInIndex = 0; path = KavakTest.app; sourceTree = BUILT_PRODUCTS_DIR; };
		C2BA663D22D43341002E5656 /* AppDelegate.swift */ = {isa = PBXFileReference; lastKnownFileType = sourcecode.swift; path = AppDelegate.swift; sourceTree = "<group>"; };
		C2BA663F22D43341002E5656 /* ViewController.swift */ = {isa = PBXFileReference; lastKnownFileType = sourcecode.swift; path = ViewController.swift; sourceTree = "<group>"; };
		C2BA664222D43341002E5656 /* Base */ = {isa = PBXFileReference; lastKnownFileType = file.storyboard; name = Base; path = Base.lproj/Main.storyboard; sourceTree = "<group>"; };
		C2BA664422D43345002E5656 /* Assets.xcassets */ = {isa = PBXFileReference; lastKnownFileType = folder.assetcatalog; path = Assets.xcassets; sourceTree = "<group>"; };
		C2BA664722D43345002E5656 /* Base */ = {isa = PBXFileReference; lastKnownFileType = file.storyboard; name = Base; path = Base.lproj/LaunchScreen.storyboard; sourceTree = "<group>"; };
		C2BA664922D43345002E5656 /* Info.plist */ = {isa = PBXFileReference; lastKnownFileType = text.plist.xml; path = Info.plist; sourceTree = "<group>"; };
		C2BA664F22D4342A002E5656 /* Brastlewark.swift */ = {isa = PBXFileReference; lastKnownFileType = sourcecode.swift; path = Brastlewark.swift; sourceTree = "<group>"; };
		C2BA665222D44409002E5656 /* GnomeTableViewCell.swift */ = {isa = PBXFileReference; lastKnownFileType = sourcecode.swift; path = GnomeTableViewCell.swift; sourceTree = "<group>"; };
		C2BA665322D44409002E5656 /* GnomeTableViewCell.xib */ = {isa = PBXFileReference; lastKnownFileType = file.xib; path = GnomeTableViewCell.xib; sourceTree = "<group>"; };
		C2BA665922D556EB002E5656 /* DetailViewController.swift */ = {isa = PBXFileReference; lastKnownFileType = sourcecode.swift; path = DetailViewController.swift; sourceTree = "<group>"; };
		C2BA666E22D6A424002E5656 /* GnomeGenericCell.swift */ = {isa = PBXFileReference; lastKnownFileType = sourcecode.swift; path = GnomeGenericCell.swift; sourceTree = "<group>"; };
		C2BA666F22D6A424002E5656 /* GnomeGenericCell.xib */ = {isa = PBXFileReference; lastKnownFileType = file.xib; path = GnomeGenericCell.xib; sourceTree = "<group>"; };
/* End PBXFileReference section */

/* Begin PBXFrameworksBuildPhase section */
		C2BA663722D43341002E5656 /* Frameworks */ = {
			isa = PBXFrameworksBuildPhase;
			buildActionMask = 2147483647;
			files = (
			);
			runOnlyForDeploymentPostprocessing = 0;
		};
/* End PBXFrameworksBuildPhase section */

/* Begin PBXGroup section */
		C2BA663122D43341002E5656 = {
			isa = PBXGroup;
			children = (
				C2BA665622D4599B002E5656 /* Model */,
				C2BA665122D443E6002E5656 /* Cells */,
				C2BA663C22D43341002E5656 /* KavakTest */,
				C2BA663B22D43341002E5656 /* Products */,
			);
			sourceTree = "<group>";
		};
		C2BA663B22D43341002E5656 /* Products */ = {
			isa = PBXGroup;
			children = (
				C2BA663A22D43341002E5656 /* KavakTest.app */,
			);
			name = Products;
			sourceTree = "<group>";
		};
		C2BA663C22D43341002E5656 /* KavakTest */ = {
			isa = PBXGroup;
			children = (
				C2BA663D22D43341002E5656 /* AppDelegate.swift */,
				C2BA663F22D43341002E5656 /* ViewController.swift */,
				C2BA664122D43341002E5656 /* Main.storyboard */,
				C2BA664422D43345002E5656 /* Assets.xcassets */,
				C2BA664622D43345002E5656 /* LaunchScreen.storyboard */,
				C2BA664922D43345002E5656 /* Info.plist */,
				C2BA665922D556EB002E5656 /* DetailViewController.swift */,
			);
			path = KavakTest;
			sourceTree = "<group>";
		};
		C2BA665122D443E6002E5656 /* Cells */ = {
			isa = PBXGroup;
			children = (
				C2BA665222D44409002E5656 /* GnomeTableViewCell.swift */,
				C2BA665322D44409002E5656 /* GnomeTableViewCell.xib */,
				C2BA666E22D6A424002E5656 /* GnomeGenericCell.swift */,
				C2BA666F22D6A424002E5656 /* GnomeGenericCell.xib */,
			);
			path = Cells;
			sourceTree = "<group>";
		};
		C2BA665622D4599B002E5656 /* Model */ = {
			isa = PBXGroup;
			children = (
				C2BA664F22D4342A002E5656 /* Brastlewark.swift */,
			);
			path = Model;
			sourceTree = "<group>";
		};
/* End PBXGroup section */

/* Begin PBXNativeTarget section */
		C2BA663922D43341002E5656 /* KavakTest */ = {
			isa = PBXNativeTarget;
			buildConfigurationList = C2BA664C22D43345002E5656 /* Build configuration list for PBXNativeTarget "KavakTest" */;
			buildPhases = (
				C2BA663622D43341002E5656 /* Sources */,
				C2BA663722D43341002E5656 /* Frameworks */,
				C2BA663822D43341002E5656 /* Resources */,
			);
			buildRules = (
			);
			dependencies = (
			);
			name = KavakTest;
			productName = KavakTest;
			productReference = C2BA663A22D43341002E5656 /* KavakTest.app */;
			productType = "com.apple.product-type.application";
		};
/* End PBXNativeTarget section */

/* Begin PBXProject section */
		C2BA663222D43341002E5656 /* Project object */ = {
			isa = PBXProject;
			attributes = {
				LastSwiftUpdateCheck = 1020;
				LastUpgradeCheck = 1020;
				ORGANIZATIONNAME = "Adrian Pascual Dominguez Gomez";
				TargetAttributes = {
					C2BA663922D43341002E5656 = {
						CreatedOnToolsVersion = 10.2.1;
					};
				};
			};
			buildConfigurationList = C2BA663522D43341002E5656 /* Build configuration list for PBXProject "KavakTest" */;
			compatibilityVersion = "Xcode 9.3";
			developmentRegion = en;
			hasScannedForEncodings = 0;
			knownRegions = (
				en,
				Base,
			);
			mainGroup = C2BA663122D43341002E5656;
			productRefGroup = C2BA663B22D43341002E5656 /* Products */;
			projectDirPath = "";
			projectRoot = "";
			targets = (
				C2BA663922D43341002E5656 /* KavakTest */,
			);
		};
/* End PBXProject section */

/* Begin PBXResourcesBuildPhase section */
		C2BA663822D43341002E5656 /* Resources */ = {
			isa = PBXResourcesBuildPhase;
			buildActionMask = 2147483647;
			files = (
				C2BA665522D44409002E5656 /* GnomeTableViewCell.xib in Resources */,
				C2BA664822D43345002E5656 /* LaunchScreen.storyboard in Resources */,
				C2BA667122D6A424002E5656 /* GnomeGenericCell.xib in Resources */,
				C2BA664522D43345002E5656 /* Assets.xcassets in Resources */,
				C2BA664322D43341002E5656 /* Main.storyboard in Resources */,
			);
			runOnlyForDeploymentPostprocessing = 0;
		};
/* End PBXResourcesBuildPhase section */

/* Begin PBXSourcesBuildPhase section */
		C2BA663622D43341002E5656 /* Sources */ = {
			isa = PBXSourcesBuildPhase;
			buildActionMask = 2147483647;
			files = (
				C2BA667022D6A424002E5656 /* GnomeGenericCell.swift in Sources */,
				C2BA665422D44409002E5656 /* GnomeTableViewCell.swift in Sources */,
				C2BA665022D4342A002E5656 /* Brastlewark.swift in Sources */,
				C2BA665A22D556EB002E5656 /* DetailViewController.swift in Sources */,
				C2BA664022D43341002E5656 /* ViewController.swift in Sources */,
				C2BA663E22D43341002E5656 /* AppDelegate.swift in Sources */,
			);
			runOnlyForDeploymentPostprocessing = 0;
		};
/* End PBXSourcesBuildPhase section */

/* Begin PBXVariantGroup section */
		C2BA664122D43341002E5656 /* Main.storyboard */ = {
			isa = PBXVariantGroup;
			children = (
				C2BA664222D43341002E5656 /* Base */,
			);
			name = Main.storyboard;
			sourceTree = "<group>";
		};
		C2BA664622D43345002E5656 /* LaunchScreen.storyboard */ = {
			isa = PBXVariantGroup;
			children = (
				C2BA664722D43345002E5656 /* Base */,
			);
			name = LaunchScreen.storyboard;
			sourceTree = "<group>";
		};
/* End PBXVariantGroup section */

/* Begin XCBuildConfiguration section */
		C2BA664A22D43345002E5656 /* Debug */ = {
			isa = XCBuildConfiguration;
			buildSettings = {
				ALWAYS_SEARCH_USER_PATHS = NO;
				CLANG_ANALYZER_NONNULL = YES;
				CLANG_ANALYZER_NUMBER_OBJECT_CONVERSION = YES_AGGRESSIVE;
				CLANG_CXX_LANGUAGE_STANDARD = "gnu++14";
				CLANG_CXX_LIBRARY = "libc++";
				CLANG_ENABLE_MODULES = YES;
				CLANG_ENABLE_OBJC_ARC = YES;
				CLANG_ENABLE_OBJC_WEAK = YES;
				CLANG_WARN_BLOCK_CAPTURE_AUTORELEASING = YES;
				CLANG_WARN_BOOL_CONVERSION = YES;
				CLANG_WARN_COMMA = YES;
				CLANG_WARN_CONSTANT_CONVERSION = YES;
				CLANG_WARN_DEPRECATED_OBJC_IMPLEMENTATIONS = YES;
				CLANG_WARN_DIRECT_OBJC_ISA_USAGE = YES_ERROR;
				CLANG_WARN_DOCUMENTATION_COMMENTS = YES;
				CLANG_WARN_EMPTY_BODY = YES;
				CLANG_WARN_ENUM_CONVERSION = YES;
				CLANG_WARN_INFINITE_RECURSION = YES;
				CLANG_WARN_INT_CONVERSION = YES;
				CLANG_WARN_NON_LITERAL_NULL_CONVERSION = YES;
				CLANG_WARN_OBJC_IMPLICIT_RETAIN_SELF = YES;
				CLANG_WARN_OBJC_LITERAL_CONVERSION = YES;
				CLANG_WARN_OBJC_ROOT_CLASS = YES_ERROR;
				CLANG_WARN_RANGE_LOOP_ANALYSIS = YES;
				CLANG_WARN_STRICT_PROTOTYPES = YES;
				CLANG_WARN_SUSPICIOUS_MOVE = YES;
				CLANG_WARN_UNGUARDED_AVAILABILITY = YES_AGGRESSIVE;
				CLANG_WARN_UNREACHABLE_CODE = YES;
				CLANG_WARN__DUPLICATE_METHOD_MATCH = YES;
				CODE_SIGN_IDENTITY = "iPhone Developer";
				COPY_PHASE_STRIP = NO;
				DEBUG_INFORMATION_FORMAT = dwarf;
				ENABLE_STRICT_OBJC_MSGSEND = YES;
				ENABLE_TESTABILITY = YES;
				GCC_C_LANGUAGE_STANDARD = gnu11;
				GCC_DYNAMIC_NO_PIC = NO;
				GCC_NO_COMMON_BLOCKS = YES;
				GCC_OPTIMIZATION_LEVEL = 0;
				GCC_PREPROCESSOR_DEFINITIONS = (
					"DEBUG=1",
					"$(inherited)",
				);
				GCC_WARN_64_TO_32_BIT_CONVERSION = YES;
				GCC_WARN_ABOUT_RETURN_TYPE = YES_ERROR;
				GCC_WARN_UNDECLARED_SELECTOR = YES;
				GCC_WARN_UNINITIALIZED_AUTOS = YES_AGGRESSIVE;
				GCC_WARN_UNUSED_FUNCTION = YES;
				GCC_WARN_UNUSED_VARIABLE = YES;
				IPHONEOS_DEPLOYMENT_TARGET = 12.2;
				MTL_ENABLE_DEBUG_INFO = INCLUDE_SOURCE;
				MTL_FAST_MATH = YES;
				ONLY_ACTIVE_ARCH = YES;
				SDKROOT = iphoneos;
				SWIFT_ACTIVE_COMPILATION_CONDITIONS = DEBUG;
				SWIFT_OPTIMIZATION_LEVEL = "-Onone";
			};
			name = Debug;
		};
		C2BA664B22D43345002E5656 /* Release */ = {
			isa = XCBuildConfiguration;
			buildSettings = {
				ALWAYS_SEARCH_USER_PATHS = NO;
				CLANG_ANALYZER_NONNULL = YES;
				CLANG_ANALYZER_NUMBER_OBJECT_CONVERSION = YES_AGGRESSIVE;
				CLANG_CXX_LANGUAGE_STANDARD = "gnu++14";
				CLANG_CXX_LIBRARY = "libc++";
				CLANG_ENABLE_MODULES = YES;
				CLANG_ENABLE_OBJC_ARC = YES;
				CLANG_ENABLE_OBJC_WEAK = YES;
				CLANG_WARN_BLOCK_CAPTURE_AUTORELEASING = YES;
				CLANG_WARN_BOOL_CONVERSION = YES;
				CLANG_WARN_COMMA = YES;
				CLANG_WARN_CONSTANT_CONVERSION = YES;
				CLANG_WARN_DEPRECATED_OBJC_IMPLEMENTATIONS = YES;
				CLANG_WARN_DIRECT_OBJC_ISA_USAGE = YES_ERROR;
				CLANG_WARN_DOCUMENTATION_COMMENTS = YES;
				CLANG_WARN_EMPTY_BODY = YES;
				CLANG_WARN_ENUM_CONVERSION = YES;
				CLANG_WARN_INFINITE_RECURSION = YES;
				CLANG_WARN_INT_CONVERSION = YES;
				CLANG_WARN_NON_LITERAL_NULL_CONVERSION = YES;
				CLANG_WARN_OBJC_IMPLICIT_RETAIN_SELF = YES;
				CLANG_WARN_OBJC_LITERAL_CONVERSION = YES;
				CLANG_WARN_OBJC_ROOT_CLASS = YES_ERROR;
				CLANG_WARN_RANGE_LOOP_ANALYSIS = YES;
				CLANG_WARN_STRICT_PROTOTYPES = YES;
				CLANG_WARN_SUSPICIOUS_MOVE = YES;
				CLANG_WARN_UNGUARDED_AVAILABILITY = YES_AGGRESSIVE;
				CLANG_WARN_UNREACHABLE_CODE = YES;
				CLANG_WARN__DUPLICATE_METHOD_MATCH = YES;
				CODE_SIGN_IDENTITY = "iPhone Developer";
				COPY_PHASE_STRIP = NO;
				DEBUG_INFORMATION_FORMAT = "dwarf-with-dsym";
				ENABLE_NS_ASSERTIONS = NO;
				ENABLE_STRICT_OBJC_MSGSEND = YES;
				GCC_C_LANGUAGE_STANDARD = gnu11;
				GCC_NO_COMMON_BLOCKS = YES;
				GCC_WARN_64_TO_32_BIT_CONVERSION = YES;
				GCC_WARN_ABOUT_RETURN_TYPE = YES_ERROR;
				GCC_WARN_UNDECLARED_SELECTOR = YES;
				GCC_WARN_UNINITIALIZED_AUTOS = YES_AGGRESSIVE;
				GCC_WARN_UNUSED_FUNCTION = YES;
				GCC_WARN_UNUSED_VARIABLE = YES;
				IPHONEOS_DEPLOYMENT_TARGET = 12.2;
				MTL_ENABLE_DEBUG_INFO = NO;
				MTL_FAST_MATH = YES;
				SDKROOT = iphoneos;
				SWIFT_COMPILATION_MODE = wholemodule;
				SWIFT_OPTIMIZATION_LEVEL = "-O";
				VALIDATE_PRODUCT = YES;
			};
			name = Release;
		};
		C2BA664D22D43345002E5656 /* Debug */ = {
			isa = XCBuildConfiguration;
			buildSettings = {
				ASSETCATALOG_COMPILER_APPICON_NAME = AppIcon;
				CODE_SIGN_STYLE = Automatic;
				DEVELOPMENT_TEAM = 3GLJYVMPA2;
				INFOPLIST_FILE = KavakTest/Info.plist;
				LD_RUNPATH_SEARCH_PATHS = (
					"$(inherited)",
					"@executable_path/Frameworks",
				);
				PRODUCT_BUNDLE_IDENTIFIER = adriantet.KavakTest;
				PRODUCT_NAME = "$(TARGET_NAME)";
				SWIFT_VERSION = 5.0;
				TARGETED_DEVICE_FAMILY = "1,2";
			};
			name = Debug;
		};
		C2BA664E22D43345002E5656 /* Release */ = {
			isa = XCBuildConfiguration;
			buildSettings = {
				ASSETCATALOG_COMPILER_APPICON_NAME = AppIcon;
				CODE_SIGN_STYLE = Automatic;
				DEVELOPMENT_TEAM = 3GLJYVMPA2;
				INFOPLIST_FILE = KavakTest/Info.plist;
				LD_RUNPATH_SEARCH_PATHS = (
					"$(inherited)",
					"@executable_path/Frameworks",
				);
				PRODUCT_BUNDLE_IDENTIFIER = adriantet.KavakTest;
				PRODUCT_NAME = "$(TARGET_NAME)";
				SWIFT_VERSION = 5.0;
				TARGETED_DEVICE_FAMILY = "1,2";
			};
			name = Release;
		};
/* End XCBuildConfiguration section */

/* Begin XCConfigurationList section */
		C2BA663522D43341002E5656 /* Build configuration list for PBXProject "KavakTest" */ = {
			isa = XCConfigurationList;
			buildConfigurations = (
				C2BA664A22D43345002E5656 /* Debug */,
				C2BA664B22D43345002E5656 /* Release */,
			);
			defaultConfigurationIsVisible = 0;
			defaultConfigurationName = Release;
		};
		C2BA664C22D43345002E5656 /* Build configuration list for PBXNativeTarget "KavakTest" */ = {
			isa = XCConfigurationList;
			buildConfigurations = (
				C2BA664D22D43345002E5656 /* Debug */,
				C2BA664E22D43345002E5656 /* Release */,
			);
			defaultConfigurationIsVisible = 0;
			defaultConfigurationName = Release;
		};
/* End XCConfigurationList section */
	};
	rootObject = C2BA663222D43341002E5656 /* Project object */;
}
