// !$*UTF8*$!
{
	archiveVersion = 1;
	classes = {
	};
	objectVersion = 50;
	objects = {

/* Begin PBXBuildFile section */
		C2BA669022D6C18E002E5656 /* AppDelegate.swift in Sources */ = {isa = PBXBuildFile; fileRef = C2BA668F22D6C18E002E5656 /* AppDelegate.swift */; };
		C2BA669222D6C18E002E5656 /* ViewController.swift in Sources */ = {isa = PBXBuildFile; fileRef = C2BA669122D6C18E002E5656 /* ViewController.swift */; };
		C2BA669522D6C18E002E5656 /* Main.storyboard in Resources */ = {isa = PBXBuildFile; fileRef = C2BA669322D6C18E002E5656 /* Main.storyboard */; };
		C2BA669722D6C18F002E5656 /* Assets.xcassets in Resources */ = {isa = PBXBuildFile; fileRef = C2BA669622D6C18F002E5656 /* Assets.xcassets */; };
		C2BA669A22D6C18F002E5656 /* LaunchScreen.storyboard in Resources */ = {isa = PBXBuildFile; fileRef = C2BA669822D6C18F002E5656 /* LaunchScreen.storyboard */; };
		C2BA66A322D6C25B002E5656 /* collectionTableViewCell.swift in Sources */ = {isa = PBXBuildFile; fileRef = C2BA66A122D6C25A002E5656 /* collectionTableViewCell.swift */; };
		C2BA66A422D6C25B002E5656 /* collectionTableViewCell.xib in Resources */ = {isa = PBXBuildFile; fileRef = C2BA66A222D6C25B002E5656 /* collectionTableViewCell.xib */; };
		C2BA66A722D6C431002E5656 /* CollectionViewCell.swift in Sources */ = {isa = PBXBuildFile; fileRef = C2BA66A522D6C431002E5656 /* CollectionViewCell.swift */; };
		C2BA66A822D6C431002E5656 /* CollectionViewCell.xib in Resources */ = {isa = PBXBuildFile; fileRef = C2BA66A622D6C431002E5656 /* CollectionViewCell.xib */; };
/* End PBXBuildFile section */

/* Begin PBXFileReference section */
		C2BA668C22D6C18E002E5656 /* collectionenCelda.app */ = {isa = PBXFileReference; explicitFileType = wrapper.application; includeInIndex = 0; path = collectionenCelda.app; sourceTree = BUILT_PRODUCTS_DIR; };
		C2BA668F22D6C18E002E5656 /* AppDelegate.swift */ = {isa = PBXFileReference; lastKnownFileType = sourcecode.swift; path = AppDelegate.swift; sourceTree = "<group>"; };
		C2BA669122D6C18E002E5656 /* ViewController.swift */ = {isa = PBXFileReference; lastKnownFileType = sourcecode.swift; path = ViewController.swift; sourceTree = "<group>"; };
		C2BA669422D6C18E002E5656 /* Base */ = {isa = PBXFileReference; lastKnownFileType = file.storyboard; name = Base; path = Base.lproj/Main.storyboard; sourceTree = "<group>"; };
		C2BA669622D6C18F002E5656 /* Assets.xcassets */ = {isa = PBXFileReference; lastKnownFileType = folder.assetcatalog; path = Assets.xcassets; sourceTree = "<group>"; };
		C2BA669922D6C18F002E5656 /* Base */ = {isa = PBXFileReference; lastKnownFileType = file.storyboard; name = Base; path = Base.lproj/LaunchScreen.storyboard; sourceTree = "<group>"; };
		C2BA669B22D6C18F002E5656 /* Info.plist */ = {isa = PBXFileReference; lastKnownFileType = text.plist.xml; path = Info.plist; sourceTree = "<group>"; };
		C2BA66A122D6C25A002E5656 /* collectionTableViewCell.swift */ = {isa = PBXFileReference; lastKnownFileType = sourcecode.swift; path = collectionTableViewCell.swift; sourceTree = "<group>"; };
		C2BA66A222D6C25B002E5656 /* collectionTableViewCell.xib */ = {isa = PBXFileReference; lastKnownFileType = file.xib; path = collectionTableViewCell.xib; sourceTree = "<group>"; };
		C2BA66A522D6C431002E5656 /* CollectionViewCell.swift */ = {isa = PBXFileReference; lastKnownFileType = sourcecode.swift; path = CollectionViewCell.swift; sourceTree = "<group>"; };
		C2BA66A622D6C431002E5656 /* CollectionViewCell.xib */ = {isa = PBXFileReference; lastKnownFileType = file.xib; path = CollectionViewCell.xib; sourceTree = "<group>"; };
/* End PBXFileReference section */

/* Begin PBXFrameworksBuildPhase section */
		C2BA668922D6C18E002E5656 /* Frameworks */ = {
			isa = PBXFrameworksBuildPhase;
			buildActionMask = 2147483647;
			files = (
			);
			runOnlyForDeploymentPostprocessing = 0;
		};
/* End PBXFrameworksBuildPhase section */

/* Begin PBXGroup section */
		C2BA668322D6C18E002E5656 = {
			isa = PBXGroup;
			children = (
				C2BA668E22D6C18E002E5656 /* collectionenCelda */,
				C2BA668D22D6C18E002E5656 /* Products */,
			);
			sourceTree = "<group>";
		};
		C2BA668D22D6C18E002E5656 /* Products */ = {
			isa = PBXGroup;
			children = (
				C2BA668C22D6C18E002E5656 /* collectionenCelda.app */,
			);
			name = Products;
			sourceTree = "<group>";
		};
		C2BA668E22D6C18E002E5656 /* collectionenCelda */ = {
			isa = PBXGroup;
			children = (
				C2BA668F22D6C18E002E5656 /* AppDelegate.swift */,
				C2BA669122D6C18E002E5656 /* ViewController.swift */,
				C2BA669322D6C18E002E5656 /* Main.storyboard */,
				C2BA66A122D6C25A002E5656 /* collectionTableViewCell.swift */,
				C2BA66A522D6C431002E5656 /* CollectionViewCell.swift */,
				C2BA66A622D6C431002E5656 /* CollectionViewCell.xib */,
				C2BA66A222D6C25B002E5656 /* collectionTableViewCell.xib */,
				C2BA669622D6C18F002E5656 /* Assets.xcassets */,
				C2BA669822D6C18F002E5656 /* LaunchScreen.storyboard */,
				C2BA669B22D6C18F002E5656 /* Info.plist */,
			);
			path = collectionenCelda;
			sourceTree = "<group>";
		};
/* End PBXGroup section */

/* Begin PBXNativeTarget section */
		C2BA668B22D6C18E002E5656 /* collectionenCelda */ = {
			isa = PBXNativeTarget;
			buildConfigurationList = C2BA669E22D6C18F002E5656 /* Build configuration list for PBXNativeTarget "collectionenCelda" */;
			buildPhases = (
				C2BA668822D6C18E002E5656 /* Sources */,
				C2BA668922D6C18E002E5656 /* Frameworks */,
				C2BA668A22D6C18E002E5656 /* Resources */,
			);
			buildRules = (
			);
			dependencies = (
			);
			name = collectionenCelda;
			productName = collectionenCelda;
			productReference = C2BA668C22D6C18E002E5656 /* collectionenCelda.app */;
			productType = "com.apple.product-type.application";
		};
/* End PBXNativeTarget section */

/* Begin PBXProject section */
		C2BA668422D6C18E002E5656 /* Project object */ = {
			isa = PBXProject;
			attributes = {
				LastSwiftUpdateCheck = 1020;
				LastUpgradeCheck = 1020;
				ORGANIZATIONNAME = "Adrian Pascual Dominguez Gomez";
				TargetAttributes = {
					C2BA668B22D6C18E002E5656 = {
						CreatedOnToolsVersion = 10.2.1;
					};
				};
			};
			buildConfigurationList = C2BA668722D6C18E002E5656 /* Build configuration list for PBXProject "collectionenCelda" */;
			compatibilityVersion = "Xcode 9.3";
			developmentRegion = en;
			hasScannedForEncodings = 0;
			knownRegions = (
				en,
				Base,
			);
			mainGroup = C2BA668322D6C18E002E5656;
			productRefGroup = C2BA668D22D6C18E002E5656 /* Products */;
			projectDirPath = "";
			projectRoot = "";
			targets = (
				C2BA668B22D6C18E002E5656 /* collectionenCelda */,
			);
		};
/* End PBXProject section */

/* Begin PBXResourcesBuildPhase section */
		C2BA668A22D6C18E002E5656 /* Resources */ = {
			isa = PBXResourcesBuildPhase;
			buildActionMask = 2147483647;
			files = (
				C2BA669A22D6C18F002E5656 /* LaunchScreen.storyboard in Resources */,
				C2BA669722D6C18F002E5656 /* Assets.xcassets in Resources */,
				C2BA669522D6C18E002E5656 /* Main.storyboard in Resources */,
				C2BA66A422D6C25B002E5656 /* collectionTableViewCell.xib in Resources */,
				C2BA66A822D6C431002E5656 /* CollectionViewCell.xib in Resources */,
			);
			runOnlyForDeploymentPostprocessing = 0;
		};
/* End PBXResourcesBuildPhase section */

/* Begin PBXSourcesBuildPhase section */
		C2BA668822D6C18E002E5656 /* Sources */ = {
			isa = PBXSourcesBuildPhase;
			buildActionMask = 2147483647;
			files = (
				C2BA669222D6C18E002E5656 /* ViewController.swift in Sources */,
				C2BA66A322D6C25B002E5656 /* collectionTableViewCell.swift in Sources */,
				C2BA66A722D6C431002E5656 /* CollectionViewCell.swift in Sources */,
				C2BA669022D6C18E002E5656 /* AppDelegate.swift in Sources */,
			);
			runOnlyForDeploymentPostprocessing = 0;
		};
/* End PBXSourcesBuildPhase section */

/* Begin PBXVariantGroup section */
		C2BA669322D6C18E002E5656 /* Main.storyboard */ = {
			isa = PBXVariantGroup;
			children = (
				C2BA669422D6C18E002E5656 /* Base */,
			);
			name = Main.storyboard;
			sourceTree = "<group>";
		};
		C2BA669822D6C18F002E5656 /* LaunchScreen.storyboard */ = {
			isa = PBXVariantGroup;
			children = (
				C2BA669922D6C18F002E5656 /* Base */,
			);
			name = LaunchScreen.storyboard;
			sourceTree = "<group>";
		};
/* End PBXVariantGroup section */

/* Begin XCBuildConfiguration section */
		C2BA669C22D6C18F002E5656 /* Debug */ = {
			isa = XCBuildConfiguration;
			buildSettings = {
				ALWAYS_SEARCH_USER_PATHS = NO;
				CLANG_ANALYZER_NONNULL = YES;
				CLANG_ANALYZER_NUMBER_OBJECT_CONVERSION = YES_AGGRESSIVE;
				CLANG_CXX_LANGUAGE_STANDARD = "gnu++14";
				CLANG_CXX_LIBRARY = "libc++";
				CLANG_ENABLE_MODULES = YES;
				CLANG_ENABLE_OBJC_ARC = YES;
				CLANG_ENABLE_OBJC_WEAK = YES;
				CLANG_WARN_BLOCK_CAPTURE_AUTORELEASING = YES;
				CLANG_WARN_BOOL_CONVERSION = YES;
				CLANG_WARN_COMMA = YES;
				CLANG_WARN_CONSTANT_CONVERSION = YES;
				CLANG_WARN_DEPRECATED_OBJC_IMPLEMENTATIONS = YES;
				CLANG_WARN_DIRECT_OBJC_ISA_USAGE = YES_ERROR;
				CLANG_WARN_DOCUMENTATION_COMMENTS = YES;
				CLANG_WARN_EMPTY_BODY = YES;
				CLANG_WARN_ENUM_CONVERSION = YES;
				CLANG_WARN_INFINITE_RECURSION = YES;
				CLANG_WARN_INT_CONVERSION = YES;
				CLANG_WARN_NON_LITERAL_NULL_CONVERSION = YES;
				CLANG_WARN_OBJC_IMPLICIT_RETAIN_SELF = YES;
				CLANG_WARN_OBJC_LITERAL_CONVERSION = YES;
				CLANG_WARN_OBJC_ROOT_CLASS = YES_ERROR;
				CLANG_WARN_RANGE_LOOP_ANALYSIS = YES;
				CLANG_WARN_STRICT_PROTOTYPES = YES;
				CLANG_WARN_SUSPICIOUS_MOVE = YES;
				CLANG_WARN_UNGUARDED_AVAILABILITY = YES_AGGRESSIVE;
				CLANG_WARN_UNREACHABLE_CODE = YES;
				CLANG_WARN__DUPLICATE_METHOD_MATCH = YES;
				CODE_SIGN_IDENTITY = "iPhone Developer";
				COPY_PHASE_STRIP = NO;
				DEBUG_INFORMATION_FORMAT = dwarf;
				ENABLE_STRICT_OBJC_MSGSEND = YES;
				ENABLE_TESTABILITY = YES;
				GCC_C_LANGUAGE_STANDARD = gnu11;
				GCC_DYNAMIC_NO_PIC = NO;
				GCC_NO_COMMON_BLOCKS = YES;
				GCC_OPTIMIZATION_LEVEL = 0;
				GCC_PREPROCESSOR_DEFINITIONS = (
					"DEBUG=1",
					"$(inherited)",
				);
				GCC_WARN_64_TO_32_BIT_CONVERSION = YES;
				GCC_WARN_ABOUT_RETURN_TYPE = YES_ERROR;
				GCC_WARN_UNDECLARED_SELECTOR = YES;
				GCC_WARN_UNINITIALIZED_AUTOS = YES_AGGRESSIVE;
				GCC_WARN_UNUSED_FUNCTION = YES;
				GCC_WARN_UNUSED_VARIABLE = YES;
				IPHONEOS_DEPLOYMENT_TARGET = 12.2;
				MTL_ENABLE_DEBUG_INFO = INCLUDE_SOURCE;
				MTL_FAST_MATH = YES;
				ONLY_ACTIVE_ARCH = YES;
				SDKROOT = iphoneos;
				SWIFT_ACTIVE_COMPILATION_CONDITIONS = DEBUG;
				SWIFT_OPTIMIZATION_LEVEL = "-Onone";
			};
			name = Debug;
		};
		C2BA669D22D6C18F002E5656 /* Release */ = {
			isa = XCBuildConfiguration;
			buildSettings = {
				ALWAYS_SEARCH_USER_PATHS = NO;
				CLANG_ANALYZER_NONNULL = YES;
				CLANG_ANALYZER_NUMBER_OBJECT_CONVERSION = YES_AGGRESSIVE;
				CLANG_CXX_LANGUAGE_STANDARD = "gnu++14";
				CLANG_CXX_LIBRARY = "libc++";
				CLANG_ENABLE_MODULES = YES;
				CLANG_ENABLE_OBJC_ARC = YES;
				CLANG_ENABLE_OBJC_WEAK = YES;
				CLANG_WARN_BLOCK_CAPTURE_AUTORELEASING = YES;
				CLANG_WARN_BOOL_CONVERSION = YES;
				CLANG_WARN_COMMA = YES;
				CLANG_WARN_CONSTANT_CONVERSION = YES;
				CLANG_WARN_DEPRECATED_OBJC_IMPLEMENTATIONS = YES;
				CLANG_WARN_DIRECT_OBJC_ISA_USAGE = YES_ERROR;
				CLANG_WARN_DOCUMENTATION_COMMENTS = YES;
				CLANG_WARN_EMPTY_BODY = YES;
				CLANG_WARN_ENUM_CONVERSION = YES;
				CLANG_WARN_INFINITE_RECURSION = YES;
				CLANG_WARN_INT_CONVERSION = YES;
				CLANG_WARN_NON_LITERAL_NULL_CONVERSION = YES;
				CLANG_WARN_OBJC_IMPLICIT_RETAIN_SELF = YES;
				CLANG_WARN_OBJC_LITERAL_CONVERSION = YES;
				CLANG_WARN_OBJC_ROOT_CLASS = YES_ERROR;
				CLANG_WARN_RANGE_LOOP_ANALYSIS = YES;
				CLANG_WARN_STRICT_PROTOTYPES = YES;
				CLANG_WARN_SUSPICIOUS_MOVE = YES;
				CLANG_WARN_UNGUARDED_AVAILABILITY = YES_AGGRESSIVE;
				CLANG_WARN_UNREACHABLE_CODE = YES;
				CLANG_WARN__DUPLICATE_METHOD_MATCH = YES;
				CODE_SIGN_IDENTITY = "iPhone Developer";
				COPY_PHASE_STRIP = NO;
				DEBUG_INFORMATION_FORMAT = "dwarf-with-dsym";
				ENABLE_NS_ASSERTIONS = NO;
				ENABLE_STRICT_OBJC_MSGSEND = YES;
				GCC_C_LANGUAGE_STANDARD = gnu11;
				GCC_NO_COMMON_BLOCKS = YES;
				GCC_WARN_64_TO_32_BIT_CONVERSION = YES;
				GCC_WARN_ABOUT_RETURN_TYPE = YES_ERROR;
				GCC_WARN_UNDECLARED_SELECTOR = YES;
				GCC_WARN_UNINITIALIZED_AUTOS = YES_AGGRESSIVE;
				GCC_WARN_UNUSED_FUNCTION = YES;
				GCC_WARN_UNUSED_VARIABLE = YES;
				IPHONEOS_DEPLOYMENT_TARGET = 12.2;
				MTL_ENABLE_DEBUG_INFO = NO;
				MTL_FAST_MATH = YES;
				SDKROOT = iphoneos;
				SWIFT_COMPILATION_MODE = wholemodule;
				SWIFT_OPTIMIZATION_LEVEL = "-O";
				VALIDATE_PRODUCT = YES;
			};
			name = Release;
		};
		C2BA669F22D6C18F002E5656 /* Debug */ = {
			isa = XCBuildConfiguration;
			buildSettings = {
				ASSETCATALOG_COMPILER_APPICON_NAME = AppIcon;
				CODE_SIGN_STYLE = Automatic;
				DEVELOPMENT_TEAM = 3GLJYVMPA2;
				INFOPLIST_FILE = collectionenCelda/Info.plist;
				LD_RUNPATH_SEARCH_PATHS = (
					"$(inherited)",
					"@executable_path/Frameworks",
				);
				PRODUCT_BUNDLE_IDENTIFIER = adriantet.collectionenCelda;
				PRODUCT_NAME = "$(TARGET_NAME)";
				SWIFT_VERSION = 5.0;
				TARGETED_DEVICE_FAMILY = "1,2";
			};
			name = Debug;
		};
		C2BA66A022D6C18F002E5656 /* Release */ = {
			isa = XCBuildConfiguration;
			buildSettings = {
				ASSETCATALOG_COMPILER_APPICON_NAME = AppIcon;
				CODE_SIGN_STYLE = Automatic;
				DEVELOPMENT_TEAM = 3GLJYVMPA2;
				INFOPLIST_FILE = collectionenCelda/Info.plist;
				LD_RUNPATH_SEARCH_PATHS = (
					"$(inherited)",
					"@executable_path/Frameworks",
				);
				PRODUCT_BUNDLE_IDENTIFIER = adriantet.collectionenCelda;
				PRODUCT_NAME = "$(TARGET_NAME)";
				SWIFT_VERSION = 5.0;
				TARGETED_DEVICE_FAMILY = "1,2";
			};
			name = Release;
		};
/* End XCBuildConfiguration section */

/* Begin XCConfigurationList section */
		C2BA668722D6C18E002E5656 /* Build configuration list for PBXProject "collectionenCelda" */ = {
			isa = XCConfigurationList;
			buildConfigurations = (
				C2BA669C22D6C18F002E5656 /* Debug */,
				C2BA669D22D6C18F002E5656 /* Release */,
			);
			defaultConfigurationIsVisible = 0;
			defaultConfigurationName = Release;
		};
		C2BA669E22D6C18F002E5656 /* Build configuration list for PBXNativeTarget "collectionenCelda" */ = {
			isa = XCConfigurationList;
			buildConfigurations = (
				C2BA669F22D6C18F002E5656 /* Debug */,
				C2BA66A022D6C18F002E5656 /* Release */,
			);
			defaultConfigurationIsVisible = 0;
			defaultConfigurationName = Release;
		};
/* End XCConfigurationList section */
	};
	rootObject = C2BA668422D6C18E002E5656 /* Project object */;
}
